{
  "version": 4,
  "terraform_version": "1.11.3",
  "serial": 1,
  "lineage": "41461619-e1a9-3c65-2192-4f517ea02ef1",
  "outputs": {},
  "resources": [
    {
      "module": "module.resource_group",
      "mode": "managed",
      "type": "azurerm_resource_group",
      "name": "this",
      "provider": "provider[\"registry.terraform.io/hashicorp/azurerm\"]",
      "instances": [
        {
          "schema_version": 0,
          "attributes": {
            "id": "/subscriptions/15507a55-2d7c-4557-8a9b-97912bd2f4d5/resourceGroups/rg-aks-demo",
            "location": "centralindia",
            "managed_by": "",
            "name": "rg-aks-demo",
            "tags": null,
            "timeouts": null
          },
          "sensitive_attributes": [],
          "private": "eyJlMmJmYjczMC1lY2FhLTExZTYtOGY4OC0zNDM2M2JjN2M0YzAiOnsiY3JlYXRlIjo1NDAwMDAwMDAwMDAwLCJkZWxldGUiOjU0MDAwMDAwMDAwMDAsInJlYWQiOjMwMDAwMDAwMDAwMCwidXBkYXRlIjo1NDAwMDAwMDAwMDAwfX0="
        }
      ]
    }
  ],
  "check_results": null
}
